
Microsoft Visual Studio Solution File, Format Version 12.00
# Visual Studio Version 17
VisualStudioVersion = 17.6.33815.320
MinimumVisualStudioVersion = 10.0.40219.1
Project("{FAE04EC0-301F-11D3-BF4B-00C04F79EFBC}") = "craftersmine.BaldursGate3.SaveManager.Core", "craftersmine.BaldursGate3.SaveManager.Core\craftersmine.BaldursGate3.SaveManager.Core.csproj", "{C81520A8-2792-4060-95D3-4D6F6BC494D4}"
EndProject
Global
	GlobalSection(SolutionConfigurationPlatforms) = preSolution
		Debug|Any CPU = Debug|Any CPU
		Release|Any CPU = Release|Any CPU
	EndGlobalSection
	GlobalSection(ProjectConfigurationPlatforms) = postSolution
		{C81520A8-2792-4060-95D3-4D6F6BC494D4}.Debug|Any CPU.ActiveCfg = Debug|Any CPU
		{C81520A8-2792-4060-95D3-4D6F6BC494D4}.Debug|Any CPU.Build.0 = Debug|Any CPU
		{C81520A8-2792-4060-95D3-4D6F6BC494D4}.Release|Any CPU.ActiveCfg = Release|Any CPU
		{C81520A8-2792-4060-95D3-4D6F6BC494D4}.Release|Any CPU.Build.0 = Release|Any CPU
	EndGlobalSection
	GlobalSection(SolutionProperties) = preSolution
		HideSolutionNode = FALSE
	EndGlobalSection
	GlobalSection(ExtensibilityGlobals) = postSolution
		SolutionGuid = {D2B9AB2E-AA72-4903-A9DD-898874010EFC}
	EndGlobalSection
EndGlobal
